// !$*UTF8*$!
{
	archiveVersion = 1;
	classes = {
	};
	objectVersion = 46;
	objects = {

/* Begin PBXBuildFile section */
		833BD65E13C995CC00E90CCB /* Terrain2.txt in Resources */ = {isa = PBXBuildFile; fileRef = 833BD65D13C995CC00E90CCB /* Terrain2.txt */; };
		8356777113B5C7D1009C0D18 /* Terrain.m in Sources */ = {isa = PBXBuildFile; fileRef = 8356777013B5C7D1009C0D18 /* Terrain.m */; };
		8356777813B5CD70009C0D18 /* Terrain1.txt in Resources */ = {isa = PBXBuildFile; fileRef = 8356777713B5CD70009C0D18 /* Terrain1.txt */; };
		83835F8813B351DD0080E844 /* UIKit.framework in Frameworks */ = {isa = PBXBuildFile; fileRef = 83835F8713B351DD0080E844 /* UIKit.framework */; };
		83835F8A13B351DD0080E844 /* Foundation.framework in Frameworks */ = {isa = PBXBuildFile; fileRef = 83835F8913B351DD0080E844 /* Foundation.framework */; };
		83835F8C13B351DD0080E844 /* CoreGraphics.framework in Frameworks */ = {isa = PBXBuildFile; fileRef = 83835F8B13B351DD0080E844 /* CoreGraphics.framework */; };
		83835F8E13B351DD0080E844 /* QuartzCore.framework in Frameworks */ = {isa = PBXBuildFile; fileRef = 83835F8D13B351DD0080E844 /* QuartzCore.framework */; };
		83835F9013B351DD0080E844 /* OpenGLES.framework in Frameworks */ = {isa = PBXBuildFile; fileRef = 83835F8F13B351DD0080E844 /* OpenGLES.framework */; };
		83835F9613B351DD0080E844 /* InfoPlist.strings in Resources */ = {isa = PBXBuildFile; fileRef = 83835F9413B351DD0080E844 /* InfoPlist.strings */; };
		83835F9913B351DE0080E844 /* main.m in Sources */ = {isa = PBXBuildFile; fileRef = 83835F9813B351DE0080E844 /* main.m */; };
		83835F9C13B351DE0080E844 /* Stunts3dAppDelegate.m in Sources */ = {isa = PBXBuildFile; fileRef = 83835F9B13B351DE0080E844 /* Stunts3dAppDelegate.m */; };
		83835F9F13B351DE0080E844 /* MainWindow.xib in Resources */ = {isa = PBXBuildFile; fileRef = 83835F9D13B351DE0080E844 /* MainWindow.xib */; };
		83835FA113B351DE0080E844 /* Shader.fsh in Resources */ = {isa = PBXBuildFile; fileRef = 83835FA013B351DE0080E844 /* Shader.fsh */; };
		83835FA313B351DE0080E844 /* Shader.vsh in Resources */ = {isa = PBXBuildFile; fileRef = 83835FA213B351DE0080E844 /* Shader.vsh */; };
		83835FA613B351DE0080E844 /* EAGLView.m in Sources */ = {isa = PBXBuildFile; fileRef = 83835FA513B351DE0080E844 /* EAGLView.m */; };
		83835FA913B351DE0080E844 /* Stunts3dViewController.m in Sources */ = {isa = PBXBuildFile; fileRef = 83835FA813B351DE0080E844 /* Stunts3dViewController.m */; };
		83835FAC13B351DE0080E844 /* Stunts3dViewController.xib in Resources */ = {isa = PBXBuildFile; fileRef = 83835FAA13B351DE0080E844 /* Stunts3dViewController.xib */; };
		83E8F5C313CAE2B200445933 /* Attribs.txt in Resources */ = {isa = PBXBuildFile; fileRef = 83E8F5C213CAE2B200445933 /* Attribs.txt */; };
		83E8F5C713CAE39700445933 /* grass_256.jpg in Resources */ = {isa = PBXBuildFile; fileRef = 83E8F5C613CAE39700445933 /* grass_256.jpg */; };
		83E8F5CA13CD9BFD00445933 /* Texture.m in Sources */ = {isa = PBXBuildFile; fileRef = 83E8F5C913CD9BFD00445933 /* Texture.m */; };
		83F3E53D13CF178400A5892E /* texture_256.jpg in Resources */ = {isa = PBXBuildFile; fileRef = 83F3E53C13CF178400A5892E /* texture_256.jpg */; };
/* End PBXBuildFile section */

/* Begin PBXFileReference section */
		833BD65D13C995CC00E90CCB /* Terrain2.txt */ = {isa = PBXFileReference; fileEncoding = 4; lastKnownFileType = text; path = Terrain2.txt; sourceTree = "<group>"; };
		8356776F13B5C7D1009C0D18 /* Terrain.h */ = {isa = PBXFileReference; fileEncoding = 4; lastKnownFileType = sourcecode.c.h; path = Terrain.h; sourceTree = "<group>"; };
		8356777013B5C7D1009C0D18 /* Terrain.m */ = {isa = PBXFileReference; fileEncoding = 4; lastKnownFileType = sourcecode.c.objc; path = Terrain.m; sourceTree = "<group>"; };
		8356777213B5C807009C0D18 /* Settings.h */ = {isa = PBXFileReference; fileEncoding = 4; lastKnownFileType = sourcecode.c.h; path = Settings.h; sourceTree = "<group>"; };
		8356777713B5CD70009C0D18 /* Terrain1.txt */ = {isa = PBXFileReference; fileEncoding = 4; lastKnownFileType = text; path = Terrain1.txt; sourceTree = "<group>"; };
		83835F8313B351DD0080E844 /* Stunts3d.app */ = {isa = PBXFileReference; explicitFileType = wrapper.application; includeInIndex = 0; path = Stunts3d.app; sourceTree = BUILT_PRODUCTS_DIR; };
		83835F8713B351DD0080E844 /* UIKit.framework */ = {isa = PBXFileReference; lastKnownFileType = wrapper.framework; name = UIKit.framework; path = System/Library/Frameworks/UIKit.framework; sourceTree = SDKROOT; };
		83835F8913B351DD0080E844 /* Foundation.framework */ = {isa = PBXFileReference; lastKnownFileType = wrapper.framework; name = Foundation.framework; path = System/Library/Frameworks/Foundation.framework; sourceTree = SDKROOT; };
		83835F8B13B351DD0080E844 /* CoreGraphics.framework */ = {isa = PBXFileReference; lastKnownFileType = wrapper.framework; name = CoreGraphics.framework; path = System/Library/Frameworks/CoreGraphics.framework; sourceTree = SDKROOT; };
		83835F8D13B351DD0080E844 /* QuartzCore.framework */ = {isa = PBXFileReference; lastKnownFileType = wrapper.framework; name = QuartzCore.framework; path = System/Library/Frameworks/QuartzCore.framework; sourceTree = SDKROOT; };
		83835F8F13B351DD0080E844 /* OpenGLES.framework */ = {isa = PBXFileReference; lastKnownFileType = wrapper.framework; name = OpenGLES.framework; path = System/Library/Frameworks/OpenGLES.framework; sourceTree = SDKROOT; };
		83835F9313B351DD0080E844 /* Stunts3d-Info.plist */ = {isa = PBXFileReference; lastKnownFileType = text.plist.xml; path = "Stunts3d-Info.plist"; sourceTree = "<group>"; };
		83835F9513B351DD0080E844 /* en */ = {isa = PBXFileReference; lastKnownFileType = text.plist.strings; name = en; path = en.lproj/InfoPlist.strings; sourceTree = "<group>"; };
		83835F9713B351DE0080E844 /* Stunts3d-Prefix.pch */ = {isa = PBXFileReference; lastKnownFileType = sourcecode.c.h; path = "Stunts3d-Prefix.pch"; sourceTree = "<group>"; };
		83835F9813B351DE0080E844 /* main.m */ = {isa = PBXFileReference; lastKnownFileType = sourcecode.c.objc; path = main.m; sourceTree = "<group>"; };
		83835F9A13B351DE0080E844 /* Stunts3dAppDelegate.h */ = {isa = PBXFileReference; lastKnownFileType = sourcecode.c.h; path = Stunts3dAppDelegate.h; sourceTree = "<group>"; };
		83835F9B13B351DE0080E844 /* Stunts3dAppDelegate.m */ = {isa = PBXFileReference; lastKnownFileType = sourcecode.c.objc; path = Stunts3dAppDelegate.m; sourceTree = "<group>"; };
		83835F9E13B351DE0080E844 /* en */ = {isa = PBXFileReference; lastKnownFileType = file.xib; name = en; path = en.lproj/MainWindow.xib; sourceTree = "<group>"; };
		83835FA013B351DE0080E844 /* Shader.fsh */ = {isa = PBXFileReference; lastKnownFileType = sourcecode.glsl; name = Shader.fsh; path = Shaders/Shader.fsh; sourceTree = "<group>"; };
		83835FA213B351DE0080E844 /* Shader.vsh */ = {isa = PBXFileReference; lastKnownFileType = sourcecode.glsl; name = Shader.vsh; path = Shaders/Shader.vsh; sourceTree = "<group>"; };
		83835FA413B351DE0080E844 /* EAGLView.h */ = {isa = PBXFileReference; lastKnownFileType = sourcecode.c.h; path = EAGLView.h; sourceTree = "<group>"; };
		83835FA513B351DE0080E844 /* EAGLView.m */ = {isa = PBXFileReference; lastKnownFileType = sourcecode.c.objc; path = EAGLView.m; sourceTree = "<group>"; };
		83835FA713B351DE0080E844 /* Stunts3dViewController.h */ = {isa = PBXFileReference; lastKnownFileType = sourcecode.c.h; path = Stunts3dViewController.h; sourceTree = "<group>"; };
		83835FA813B351DE0080E844 /* Stunts3dViewController.m */ = {isa = PBXFileReference; lastKnownFileType = sourcecode.c.objc; path = Stunts3dViewController.m; sourceTree = "<group>"; };
		83835FAB13B351DE0080E844 /* en */ = {isa = PBXFileReference; lastKnownFileType = file.xib; name = en; path = en.lproj/Stunts3dViewController.xib; sourceTree = "<group>"; };
		83E8F5C213CAE2B200445933 /* Attribs.txt */ = {isa = PBXFileReference; fileEncoding = 4; lastKnownFileType = text; path = Attribs.txt; sourceTree = "<group>"; };
		83E8F5C613CAE39700445933 /* grass_256.jpg */ = {isa = PBXFileReference; lastKnownFileType = image.jpeg; path = grass_256.jpg; sourceTree = "<group>"; };
		83E8F5C813CD9BFD00445933 /* Texture.h */ = {isa = PBXFileReference; fileEncoding = 4; lastKnownFileType = sourcecode.c.h; path = Texture.h; sourceTree = "<group>"; };
		83E8F5C913CD9BFD00445933 /* Texture.m */ = {isa = PBXFileReference; fileEncoding = 4; lastKnownFileType = sourcecode.c.objc; path = Texture.m; sourceTree = "<group>"; };
		83F3E53C13CF178400A5892E /* texture_256.jpg */ = {isa = PBXFileReference; lastKnownFileType = image.jpeg; path = texture_256.jpg; sourceTree = "<group>"; };
/* End PBXFileReference section */

/* Begin PBXFrameworksBuildPhase section */
		83835F8013B351DD0080E844 /* Frameworks */ = {
			isa = PBXFrameworksBuildPhase;
			buildActionMask = 2147483647;
			files = (
				83835F8813B351DD0080E844 /* UIKit.framework in Frameworks */,
				83835F8A13B351DD0080E844 /* Foundation.framework in Frameworks */,
				83835F8C13B351DD0080E844 /* CoreGraphics.framework in Frameworks */,
				83835F8E13B351DD0080E844 /* QuartzCore.framework in Frameworks */,
				83835F9013B351DD0080E844 /* OpenGLES.framework in Frameworks */,
			);
			runOnlyForDeploymentPostprocessing = 0;
		};
/* End PBXFrameworksBuildPhase section */

/* Begin PBXGroup section */
		8356776D13B5C7A0009C0D18 /* TerrainEngine */ = {
			isa = PBXGroup;
			children = (
				8356776F13B5C7D1009C0D18 /* Terrain.h */,
				8356777013B5C7D1009C0D18 /* Terrain.m */,
				8356777213B5C807009C0D18 /* Settings.h */,
				83E8F5C813CD9BFD00445933 /* Texture.h */,
				83E8F5C913CD9BFD00445933 /* Texture.m */,
			);
			path = TerrainEngine;
			sourceTree = "<group>";
			tabWidth = 4;
		};
		8356777613B5CD70009C0D18 /* Assets */ = {
			isa = PBXGroup;
			children = (
				83E8F5C513CAE39700445933 /* Textures */,
				8356777713B5CD70009C0D18 /* Terrain1.txt */,
				833BD65D13C995CC00E90CCB /* Terrain2.txt */,
			);
			path = Assets;
			sourceTree = "<group>";
		};
		83835F7813B351DC0080E844 = {
			isa = PBXGroup;
			children = (
				83835F9113B351DD0080E844 /* Stunts3d */,
				83835F8613B351DD0080E844 /* Frameworks */,
				83835F8413B351DD0080E844 /* Products */,
			);
			sourceTree = "<group>";
		};
		83835F8413B351DD0080E844 /* Products */ = {
			isa = PBXGroup;
			children = (
				83835F8313B351DD0080E844 /* Stunts3d.app */,
			);
			name = Products;
			sourceTree = "<group>";
		};
		83835F8613B351DD0080E844 /* Frameworks */ = {
			isa = PBXGroup;
			children = (
				83835F8713B351DD0080E844 /* UIKit.framework */,
				83835F8913B351DD0080E844 /* Foundation.framework */,
				83835F8B13B351DD0080E844 /* CoreGraphics.framework */,
				83835F8D13B351DD0080E844 /* QuartzCore.framework */,
				83835F8F13B351DD0080E844 /* OpenGLES.framework */,
			);
			name = Frameworks;
			sourceTree = "<group>";
		};
		83835F9113B351DD0080E844 /* Stunts3d */ = {
			isa = PBXGroup;
			children = (
				8356777613B5CD70009C0D18 /* Assets */,
				8356776D13B5C7A0009C0D18 /* TerrainEngine */,
				83835F9A13B351DE0080E844 /* Stunts3dAppDelegate.h */,
				83835F9B13B351DE0080E844 /* Stunts3dAppDelegate.m */,
				83835F9D13B351DE0080E844 /* MainWindow.xib */,
				83835FA013B351DE0080E844 /* Shader.fsh */,
				83835FA213B351DE0080E844 /* Shader.vsh */,
				83835FA413B351DE0080E844 /* EAGLView.h */,
				83835FA513B351DE0080E844 /* EAGLView.m */,
				83835FA713B351DE0080E844 /* Stunts3dViewController.h */,
				83835FA813B351DE0080E844 /* Stunts3dViewController.m */,
				83835FAA13B351DE0080E844 /* Stunts3dViewController.xib */,
				83835F9213B351DD0080E844 /* Supporting Files */,
				83E8F5C213CAE2B200445933 /* Attribs.txt */,
			);
			path = Stunts3d;
			sourceTree = "<group>";
		};
		83835F9213B351DD0080E844 /* Supporting Files */ = {
			isa = PBXGroup;
			children = (
				83835F9313B351DD0080E844 /* Stunts3d-Info.plist */,
				83835F9413B351DD0080E844 /* InfoPlist.strings */,
				83835F9713B351DE0080E844 /* Stunts3d-Prefix.pch */,
				83835F9813B351DE0080E844 /* main.m */,
			);
			name = "Supporting Files";
			sourceTree = "<group>";
		};
		83E8F5C513CAE39700445933 /* Textures */ = {
			isa = PBXGroup;
			children = (
				83F3E53C13CF178400A5892E /* texture_256.jpg */,
				83E8F5C613CAE39700445933 /* grass_256.jpg */,
			);
			path = Textures;
			sourceTree = "<group>";
		};
/* End PBXGroup section */

/* Begin PBXNativeTarget section */
		83835F8213B351DD0080E844 /* Stunts3d */ = {
			isa = PBXNativeTarget;
			buildConfigurationList = 83835FAF13B351DE0080E844 /* Build configuration list for PBXNativeTarget "Stunts3d" */;
			buildPhases = (
				83835F7F13B351DD0080E844 /* Sources */,
				83835F8013B351DD0080E844 /* Frameworks */,
				83835F8113B351DD0080E844 /* Resources */,
			);
			buildRules = (
			);
			dependencies = (
			);
			name = Stunts3d;
			productName = Stunts3d;
			productReference = 83835F8313B351DD0080E844 /* Stunts3d.app */;
			productType = "com.apple.product-type.application";
		};
/* End PBXNativeTarget section */

/* Begin PBXProject section */
		83835F7A13B351DC0080E844 /* Project object */ = {
			isa = PBXProject;
			attributes = {
				ORGANIZATIONNAME = "Splinter Software";
			};
			buildConfigurationList = 83835F7D13B351DC0080E844 /* Build configuration list for PBXProject "Stunts3d" */;
			compatibilityVersion = "Xcode 3.2";
			developmentRegion = English;
			hasScannedForEncodings = 0;
			knownRegions = (
				en,
			);
			mainGroup = 83835F7813B351DC0080E844;
			productRefGroup = 83835F8413B351DD0080E844 /* Products */;
			projectDirPath = "";
			projectRoot = "";
			targets = (
				83835F8213B351DD0080E844 /* Stunts3d */,
			);
		};
/* End PBXProject section */

/* Begin PBXResourcesBuildPhase section */
		83835F8113B351DD0080E844 /* Resources */ = {
			isa = PBXResourcesBuildPhase;
			buildActionMask = 2147483647;
			files = (
				83835F9613B351DD0080E844 /* InfoPlist.strings in Resources */,
				83835F9F13B351DE0080E844 /* MainWindow.xib in Resources */,
				83835FA113B351DE0080E844 /* Shader.fsh in Resources */,
				83835FA313B351DE0080E844 /* Shader.vsh in Resources */,
				83835FAC13B351DE0080E844 /* Stunts3dViewController.xib in Resources */,
				8356777813B5CD70009C0D18 /* Terrain1.txt in Resources */,
				833BD65E13C995CC00E90CCB /* Terrain2.txt in Resources */,
				83E8F5C313CAE2B200445933 /* Attribs.txt in Resources */,
				83E8F5C713CAE39700445933 /* grass_256.jpg in Resources */,
				83F3E53D13CF178400A5892E /* texture_256.jpg in Resources */,
			);
			runOnlyForDeploymentPostprocessing = 0;
		};
/* End PBXResourcesBuildPhase section */

/* Begin PBXSourcesBuildPhase section */
		83835F7F13B351DD0080E844 /* Sources */ = {
			isa = PBXSourcesBuildPhase;
			buildActionMask = 2147483647;
			files = (
				83835F9913B351DE0080E844 /* main.m in Sources */,
				83835F9C13B351DE0080E844 /* Stunts3dAppDelegate.m in Sources */,
				83835FA613B351DE0080E844 /* EAGLView.m in Sources */,
				83835FA913B351DE0080E844 /* Stunts3dViewController.m in Sources */,
				8356777113B5C7D1009C0D18 /* Terrain.m in Sources */,
				83E8F5CA13CD9BFD00445933 /* Texture.m in Sources */,
			);
			runOnlyForDeploymentPostprocessing = 0;
		};
/* End PBXSourcesBuildPhase section */

/* Begin PBXVariantGroup section */
		83835F9413B351DD0080E844 /* InfoPlist.strings */ = {
			isa = PBXVariantGroup;
			children = (
				83835F9513B351DD0080E844 /* en */,
			);
			name = InfoPlist.strings;
			sourceTree = "<group>";
		};
		83835F9D13B351DE0080E844 /* MainWindow.xib */ = {
			isa = PBXVariantGroup;
			children = (
				83835F9E13B351DE0080E844 /* en */,
			);
			name = MainWindow.xib;
			sourceTree = "<group>";
		};
		83835FAA13B351DE0080E844 /* Stunts3dViewController.xib */ = {
			isa = PBXVariantGroup;
			children = (
				83835FAB13B351DE0080E844 /* en */,
			);
			name = Stunts3dViewController.xib;
			sourceTree = "<group>";
		};
/* End PBXVariantGroup section */

/* Begin XCBuildConfiguration section */
		83835FAD13B351DE0080E844 /* Debug */ = {
			isa = XCBuildConfiguration;
			buildSettings = {
				ARCHS = "$(ARCHS_STANDARD_32_BIT)";
				"CODE_SIGN_IDENTITY[sdk=iphoneos*]" = "iPhone Developer";
				GCC_C_LANGUAGE_STANDARD = gnu99;
				GCC_OPTIMIZATION_LEVEL = 0;
				GCC_PREPROCESSOR_DEFINITIONS = DEBUG;
				GCC_SYMBOLS_PRIVATE_EXTERN = NO;
				GCC_VERSION = com.apple.compilers.llvmgcc42;
				GCC_WARN_ABOUT_RETURN_TYPE = YES;
				GCC_WARN_UNUSED_VARIABLE = YES;
				IPHONEOS_DEPLOYMENT_TARGET = 4.3;
				SDKROOT = iphoneos;
			};
			name = Debug;
		};
		83835FAE13B351DE0080E844 /* Release */ = {
			isa = XCBuildConfiguration;
			buildSettings = {
				ARCHS = "$(ARCHS_STANDARD_32_BIT)";
				"CODE_SIGN_IDENTITY[sdk=iphoneos*]" = "iPhone Developer";
				GCC_C_LANGUAGE_STANDARD = gnu99;
				GCC_VERSION = com.apple.compilers.llvmgcc42;
				GCC_WARN_ABOUT_RETURN_TYPE = YES;
				GCC_WARN_UNUSED_VARIABLE = YES;
				IPHONEOS_DEPLOYMENT_TARGET = 4.3;
				OTHER_CFLAGS = "-DNS_BLOCK_ASSERTIONS=1";
				SDKROOT = iphoneos;
			};
			name = Release;
		};
		83835FB013B351DE0080E844 /* Debug */ = {
			isa = XCBuildConfiguration;
			buildSettings = {
				ALWAYS_SEARCH_USER_PATHS = NO;
				COPY_PHASE_STRIP = NO;
				GCC_DYNAMIC_NO_PIC = NO;
				GCC_PRECOMPILE_PREFIX_HEADER = YES;
				GCC_PREFIX_HEADER = "Stunts3d/Stunts3d-Prefix.pch";
				"GCC_THUMB_SUPPORT[arch=armv6]" = "";
				INFOPLIST_FILE = "Stunts3d/Stunts3d-Info.plist";
				PRODUCT_NAME = "$(TARGET_NAME)";
				WRAPPER_EXTENSION = app;
			};
			name = Debug;
		};
		83835FB113B351DE0080E844 /* Release */ = {
			isa = XCBuildConfiguration;
			buildSettings = {
				ALWAYS_SEARCH_USER_PATHS = NO;
				COPY_PHASE_STRIP = YES;
				GCC_PRECOMPILE_PREFIX_HEADER = YES;
				GCC_PREFIX_HEADER = "Stunts3d/Stunts3d-Prefix.pch";
				"GCC_THUMB_SUPPORT[arch=armv6]" = "";
				INFOPLIST_FILE = "Stunts3d/Stunts3d-Info.plist";
				PRODUCT_NAME = "$(TARGET_NAME)";
				VALIDATE_PRODUCT = YES;
				WRAPPER_EXTENSION = app;
			};
			name = Release;
		};
/* End XCBuildConfiguration section */

/* Begin XCConfigurationList section */
		83835F7D13B351DC0080E844 /* Build configuration list for PBXProject "Stunts3d" */ = {
			isa = XCConfigurationList;
			buildConfigurations = (
				83835FAD13B351DE0080E844 /* Debug */,
				83835FAE13B351DE0080E844 /* Release */,
			);
			defaultConfigurationIsVisible = 0;
			defaultConfigurationName = Release;
		};
		83835FAF13B351DE0080E844 /* Build configuration list for PBXNativeTarget "Stunts3d" */ = {
			isa = XCConfigurationList;
			buildConfigurations = (
				83835FB013B351DE0080E844 /* Debug */,
				83835FB113B351DE0080E844 /* Release */,
			);
			defaultConfigurationIsVisible = 0;
			defaultConfigurationName = Release;
		};
/* End XCConfigurationList section */
	};
	rootObject = 83835F7A13B351DC0080E844 /* Project object */;
}
